<?xml version="1.0" encoding="utf-8"?>
<Project ToolsVersion="4.0" xmlns="http://schemas.microsoft.com/developer/msbuild/2003">
  <ItemGroup>
    <Inf Include="adam-kernel-registry.inf" />
  </ItemGroup>
  <ItemGroup>
    <Filter Include="Features">
      <UniqueIdentifier>{a76e08d0-7261-46ca-9d9f-0841a2d337e3}</UniqueIdentifier>
    </Filter>
    <Filter Include="Includes">
      <UniqueIdentifier>{bfdf18f9-7031-481d-9a36-6f6cf6ea51e3}</UniqueIdentifier>
    </Filter>
    <Filter Include="Main">
      <UniqueIdentifier>{616729d9-7c53-4b59-91f6-de577f910c7d}</UniqueIdentifier>
    </Filter>
    <Filter Include="Main\Callback">
      <UniqueIdentifier>{25f6a8c6-520e-43c1-ac41-b00ac5aaba38}</UniqueIdentifier>
    </Filter>
  </ItemGroup>
  <ItemGroup>
    <ClInclude Include="Features\GetBaseAddress.h">
      <Filter>Features</Filter>
    </ClInclude>
    <ClInclude Include="Includes\Definitions.h">
      <Filter>Includes</Filter>
    </ClInclude>
    <ClInclude Include="Includes\Structs.h">
      <Filter>Includes</Filter>
    </ClInclude>
    <ClInclude Include="Main\Callback\CallbackControl.h">
      <Filter>Main\Callback</Filter>
    </ClInclude>
    <ClInclude Include="Main\Callback\Callback.h">
      <Filter>Main\Callback</Filter>
    </ClInclude>
  </ItemGroup>
  <ItemGroup>
    <ClCompile Include="Main\Main.cpp">
      <Filter>Main</Filter>
    </ClCompile>
  </ItemGroup>
</Project>